
Microsoft Visual Studio Solution File, Format Version 12.00
# Visual Studio Version 17
VisualStudioVersion = 17.14.36301.6 d17.14
MinimumVisualStudioVersion = 10.0.40219.1
Project("{FAE04EC0-301F-11D3-BF4B-00C04F79EFBC}") = "University System", "University System\University System.csproj", "{826968EE-7413-4C94-96D0-8397E717A10D}"
EndProject
Global
	GlobalSection(SolutionConfigurationPlatforms) = preSolution
		Debug|Any CPU = Debug|Any CPU
		Release|Any CPU = Release|Any CPU
	EndGlobalSection
	GlobalSection(ProjectConfigurationPlatforms) = postSolution
		{826968EE-7413-4C94-96D0-8397E717A10D}.Debug|Any CPU.ActiveCfg = Debug|Any CPU
		{826968EE-7413-4C94-96D0-8397E717A10D}.Debug|Any CPU.Build.0 = Debug|Any CPU
		{826968EE-7413-4C94-96D0-8397E717A10D}.Release|Any CPU.ActiveCfg = Release|Any CPU
		{826968EE-7413-4C94-96D0-8397E717A10D}.Release|Any CPU.Build.0 = Release|Any CPU
	EndGlobalSection
	GlobalSection(SolutionProperties) = preSolution
		HideSolutionNode = FALSE
	EndGlobalSection
	GlobalSection(ExtensibilityGlobals) = postSolution
		SolutionGuid = {3A2525BF-7ACA-41E0-956E-F6104A1B6272}
	EndGlobalSection
EndGlobal
